// !$*UTF8*$!
{
	archiveVersion = 1;
	classes = {
	};
	objectVersion = 50;
	objects = {

/* Begin PBXBuildFile section */
		4923498424BFFF460089C91F /* AppDelegate.swift in Sources */ = {isa = PBXBuildFile; fileRef = 4923498324BFFF460089C91F /* AppDelegate.swift */; };
		4923498624BFFF460089C91F /* SceneDelegate.swift in Sources */ = {isa = PBXBuildFile; fileRef = 4923498524BFFF460089C91F /* SceneDelegate.swift */; };
		4923498824BFFF460089C91F /* ViewController.swift in Sources */ = {isa = PBXBuildFile; fileRef = 4923498724BFFF460089C91F /* ViewController.swift */; };
		4923498B24BFFF460089C91F /* Main.storyboard in Resources */ = {isa = PBXBuildFile; fileRef = 4923498924BFFF460089C91F /* Main.storyboard */; };
		4923498D24BFFF470089C91F /* Assets.xcassets in Resources */ = {isa = PBXBuildFile; fileRef = 4923498C24BFFF470089C91F /* Assets.xcassets */; };
		4923499024BFFF470089C91F /* LaunchScreen.storyboard in Resources */ = {isa = PBXBuildFile; fileRef = 4923498E24BFFF470089C91F /* LaunchScreen.storyboard */; };
/* End PBXBuildFile section */

/* Begin PBXFileReference section */
		4923498024BFFF460089C91F /* Ass3_Elias_Aguilera.app */ = {isa = PBXFileReference; explicitFileType = wrapper.application; includeInIndex = 0; path = Ass3_Elias_Aguilera.app; sourceTree = BUILT_PRODUCTS_DIR; };
		4923498324BFFF460089C91F /* AppDelegate.swift */ = {isa = PBXFileReference; lastKnownFileType = sourcecode.swift; path = AppDelegate.swift; sourceTree = "<group>"; };
		4923498524BFFF460089C91F /* SceneDelegate.swift */ = {isa = PBXFileReference; lastKnownFileType = sourcecode.swift; path = SceneDelegate.swift; sourceTree = "<group>"; };
		4923498724BFFF460089C91F /* ViewController.swift */ = {isa = PBXFileReference; lastKnownFileType = sourcecode.swift; path = ViewController.swift; sourceTree = "<group>"; };
		4923498A24BFFF460089C91F /* Base */ = {isa = PBXFileReference; lastKnownFileType = file.storyboard; name = Base; path = Base.lproj/Main.storyboard; sourceTree = "<group>"; };
		4923498C24BFFF470089C91F /* Assets.xcassets */ = {isa = PBXFileReference; lastKnownFileType = folder.assetcatalog; path = Assets.xcassets; sourceTree = "<group>"; };
		4923498F24BFFF470089C91F /* Base */ = {isa = PBXFileReference; lastKnownFileType = file.storyboard; name = Base; path = Base.lproj/LaunchScreen.storyboard; sourceTree = "<group>"; };
		4923499124BFFF470089C91F /* Info.plist */ = {isa = PBXFileReference; lastKnownFileType = text.plist.xml; path = Info.plist; sourceTree = "<group>"; };
/* End PBXFileReference section */

/* Begin PBXFrameworksBuildPhase section */
		4923497D24BFFF460089C91F /* Frameworks */ = {
			isa = PBXFrameworksBuildPhase;
			buildActionMask = 2147483647;
			files = (
			);
			runOnlyForDeploymentPostprocessing = 0;
		};
/* End PBXFrameworksBuildPhase section */

/* Begin PBXGroup section */
		4923497724BFFF460089C91F = {
			isa = PBXGroup;
			children = (
				4923498224BFFF460089C91F /* Ass3_Elias_Aguilera */,
				4923498124BFFF460089C91F /* Products */,
			);
			sourceTree = "<group>";
		};
		4923498124BFFF460089C91F /* Products */ = {
			isa = PBXGroup;
			children = (
				4923498024BFFF460089C91F /* Ass3_Elias_Aguilera.app */,
			);
			name = Products;
			sourceTree = "<group>";
		};
		4923498224BFFF460089C91F /* Ass3_Elias_Aguilera */ = {
			isa = PBXGroup;
			children = (
				4923498324BFFF460089C91F /* AppDelegate.swift */,
				4923498524BFFF460089C91F /* SceneDelegate.swift */,
				4923498724BFFF460089C91F /* ViewController.swift */,
				4923498924BFFF460089C91F /* Main.storyboard */,
				4923498C24BFFF470089C91F /* Assets.xcassets */,
				4923498E24BFFF470089C91F /* LaunchScreen.storyboard */,
				4923499124BFFF470089C91F /* Info.plist */,
			);
			path = Ass3_Elias_Aguilera;
			sourceTree = "<group>";
		};
/* End PBXGroup section */

/* Begin PBXNativeTarget section */
		4923497F24BFFF460089C91F /* Ass3_Elias_Aguilera */ = {
			isa = PBXNativeTarget;
			buildConfigurationList = 4923499424BFFF470089C91F /* Build configuration list for PBXNativeTarget "Ass3_Elias_Aguilera" */;
			buildPhases = (
				4923497C24BFFF460089C91F /* Sources */,
				4923497D24BFFF460089C91F /* Frameworks */,
				4923497E24BFFF460089C91F /* Resources */,
			);
			buildRules = (
			);
			dependencies = (
			);
			name = Ass3_Elias_Aguilera;
			productName = Ass3_Elias_Aguilera;
			productReference = 4923498024BFFF460089C91F /* Ass3_Elias_Aguilera.app */;
			productType = "com.apple.product-type.application";
		};
/* End PBXNativeTarget section */

/* Begin PBXProject section */
		4923497824BFFF460089C91F /* Project object */ = {
			isa = PBXProject;
			attributes = {
				LastSwiftUpdateCheck = 1120;
				LastUpgradeCheck = 1120;
				ORGANIZATIONNAME = "Elias Aguilera Yambay";
				TargetAttributes = {
					4923497F24BFFF460089C91F = {
						CreatedOnToolsVersion = 11.2;
					};
				};
			};
			buildConfigurationList = 4923497B24BFFF460089C91F /* Build configuration list for PBXProject "Ass3_Elias_Aguilera" */;
			compatibilityVersion = "Xcode 9.3";
			developmentRegion = en;
			hasScannedForEncodings = 0;
			knownRegions = (
				en,
				Base,
			);
			mainGroup = 4923497724BFFF460089C91F;
			productRefGroup = 4923498124BFFF460089C91F /* Products */;
			projectDirPath = "";
			projectRoot = "";
			targets = (
				4923497F24BFFF460089C91F /* Ass3_Elias_Aguilera */,
			);
		};
/* End PBXProject section */

/* Begin PBXResourcesBuildPhase section */
		4923497E24BFFF460089C91F /* Resources */ = {
			isa = PBXResourcesBuildPhase;
			buildActionMask = 2147483647;
			files = (
				4923499024BFFF470089C91F /* LaunchScreen.storyboard in Resources */,
				4923498D24BFFF470089C91F /* Assets.xcassets in Resources */,
				4923498B24BFFF460089C91F /* Main.storyboard in Resources */,
			);
			runOnlyForDeploymentPostprocessing = 0;
		};
/* End PBXResourcesBuildPhase section */

/* Begin PBXSourcesBuildPhase section */
		4923497C24BFFF460089C91F /* Sources */ = {
			isa = PBXSourcesBuildPhase;
			buildActionMask = 2147483647;
			files = (
				4923498824BFFF460089C91F /* ViewController.swift in Sources */,
				4923498424BFFF460089C91F /* AppDelegate.swift in Sources */,
				4923498624BFFF460089C91F /* SceneDelegate.swift in Sources */,
			);
			runOnlyForDeploymentPostprocessing = 0;
		};
/* End PBXSourcesBuildPhase section */

/* Begin PBXVariantGroup section */
		4923498924BFFF460089C91F /* Main.storyboard */ = {
			isa = PBXVariantGroup;
			children = (
				4923498A24BFFF460089C91F /* Base */,
			);
			name = Main.storyboard;
			sourceTree = "<group>";
		};
		4923498E24BFFF470089C91F /* LaunchScreen.storyboard */ = {
			isa = PBXVariantGroup;
			children = (
				4923498F24BFFF470089C91F /* Base */,
			);
			name = LaunchScreen.storyboard;
			sourceTree = "<group>";
		};
/* End PBXVariantGroup section */

/* Begin XCBuildConfiguration section */
		4923499224BFFF470089C91F /* Debug */ = {
			isa = XCBuildConfiguration;
			buildSettings = {
				ALWAYS_SEARCH_USER_PATHS = NO;
				CLANG_ANALYZER_NONNULL = YES;
				CLANG_ANALYZER_NUMBER_OBJECT_CONVERSION = YES_AGGRESSIVE;
				CLANG_CXX_LANGUAGE_STANDARD = "gnu++14";
				CLANG_CXX_LIBRARY = "libc++";
				CLANG_ENABLE_MODULES = YES;
				CLANG_ENABLE_OBJC_ARC = YES;
				CLANG_ENABLE_OBJC_WEAK = YES;
				CLANG_WARN_BLOCK_CAPTURE_AUTORELEASING = YES;
				CLANG_WARN_BOOL_CONVERSION = YES;
				CLANG_WARN_COMMA = YES;
				CLANG_WARN_CONSTANT_CONVERSION = YES;
				CLANG_WARN_DEPRECATED_OBJC_IMPLEMENTATIONS = YES;
				CLANG_WARN_DIRECT_OBJC_ISA_USAGE = YES_ERROR;
				CLANG_WARN_DOCUMENTATION_COMMENTS = YES;
				CLANG_WARN_EMPTY_BODY = YES;
				CLANG_WARN_ENUM_CONVERSION = YES;
				CLANG_WARN_INFINITE_RECURSION = YES;
				CLANG_WARN_INT_CONVERSION = YES;
				CLANG_WARN_NON_LITERAL_NULL_CONVERSION = YES;
				CLANG_WARN_OBJC_IMPLICIT_RETAIN_SELF = YES;
				CLANG_WARN_OBJC_LITERAL_CONVERSION = YES;
				CLANG_WARN_OBJC_ROOT_CLASS = YES_ERROR;
				CLANG_WARN_RANGE_LOOP_ANALYSIS = YES;
				CLANG_WARN_STRICT_PROTOTYPES = YES;
				CLANG_WARN_SUSPICIOUS_MOVE = YES;
				CLANG_WARN_UNGUARDED_AVAILABILITY = YES_AGGRESSIVE;
				CLANG_WARN_UNREACHABLE_CODE = YES;
				CLANG_WARN__DUPLICATE_METHOD_MATCH = YES;
				COPY_PHASE_STRIP = NO;
				DEBUG_INFORMATION_FORMAT = dwarf;
				ENABLE_STRICT_OBJC_MSGSEND = YES;
				ENABLE_TESTABILITY = YES;
				GCC_C_LANGUAGE_STANDARD = gnu11;
				GCC_DYNAMIC_NO_PIC = NO;
				GCC_NO_COMMON_BLOCKS = YES;
				GCC_OPTIMIZATION_LEVEL = 0;
				GCC_PREPROCESSOR_DEFINITIONS = (
					"DEBUG=1",
					"$(inherited)",
				);
				GCC_WARN_64_TO_32_BIT_CONVERSION = YES;
				GCC_WARN_ABOUT_RETURN_TYPE = YES_ERROR;
				GCC_WARN_UNDECLARED_SELECTOR = YES;
				GCC_WARN_UNINITIALIZED_AUTOS = YES_AGGRESSIVE;
				GCC_WARN_UNUSED_FUNCTION = YES;
				GCC_WARN_UNUSED_VARIABLE = YES;
				IPHONEOS_DEPLOYMENT_TARGET = 13.2;
				MTL_ENABLE_DEBUG_INFO = INCLUDE_SOURCE;
				MTL_FAST_MATH = YES;
				ONLY_ACTIVE_ARCH = YES;
				SDKROOT = iphoneos;
				SWIFT_ACTIVE_COMPILATION_CONDITIONS = DEBUG;
				SWIFT_OPTIMIZATION_LEVEL = "-Onone";
			};
			name = Debug;
		};
		4923499324BFFF470089C91F /* Release */ = {
			isa = XCBuildConfiguration;
			buildSettings = {
				ALWAYS_SEARCH_USER_PATHS = NO;
				CLANG_ANALYZER_NONNULL = YES;
				CLANG_ANALYZER_NUMBER_OBJECT_CONVERSION = YES_AGGRESSIVE;
				CLANG_CXX_LANGUAGE_STANDARD = "gnu++14";
				CLANG_CXX_LIBRARY = "libc++";
				CLANG_ENABLE_MODULES = YES;
				CLANG_ENABLE_OBJC_ARC = YES;
				CLANG_ENABLE_OBJC_WEAK = YES;
				CLANG_WARN_BLOCK_CAPTURE_AUTORELEASING = YES;
				CLANG_WARN_BOOL_CONVERSION = YES;
				CLANG_WARN_COMMA = YES;
				CLANG_WARN_CONSTANT_CONVERSION = YES;
				CLANG_WARN_DEPRECATED_OBJC_IMPLEMENTATIONS = YES;
				CLANG_WARN_DIRECT_OBJC_ISA_USAGE = YES_ERROR;
				CLANG_WARN_DOCUMENTATION_COMMENTS = YES;
				CLANG_WARN_EMPTY_BODY = YES;
				CLANG_WARN_ENUM_CONVERSION = YES;
				CLANG_WARN_INFINITE_RECURSION = YES;
				CLANG_WARN_INT_CONVERSION = YES;
				CLANG_WARN_NON_LITERAL_NULL_CONVERSION = YES;
				CLANG_WARN_OBJC_IMPLICIT_RETAIN_SELF = YES;
				CLANG_WARN_OBJC_LITERAL_CONVERSION = YES;
				CLANG_WARN_OBJC_ROOT_CLASS = YES_ERROR;
				CLANG_WARN_RANGE_LOOP_ANALYSIS = YES;
				CLANG_WARN_STRICT_PROTOTYPES = YES;
				CLANG_WARN_SUSPICIOUS_MOVE = YES;
				CLANG_WARN_UNGUARDED_AVAILABILITY = YES_AGGRESSIVE;
				CLANG_WARN_UNREACHABLE_CODE = YES;
				CLANG_WARN__DUPLICATE_METHOD_MATCH = YES;
				COPY_PHASE_STRIP = NO;
				DEBUG_INFORMATION_FORMAT = "dwarf-with-dsym";
				ENABLE_NS_ASSERTIONS = NO;
				ENABLE_STRICT_OBJC_MSGSEND = YES;
				GCC_C_LANGUAGE_STANDARD = gnu11;
				GCC_NO_COMMON_BLOCKS = YES;
				GCC_WARN_64_TO_32_BIT_CONVERSION = YES;
				GCC_WARN_ABOUT_RETURN_TYPE = YES_ERROR;
				GCC_WARN_UNDECLARED_SELECTOR = YES;
				GCC_WARN_UNINITIALIZED_AUTOS = YES_AGGRESSIVE;
				GCC_WARN_UNUSED_FUNCTION = YES;
				GCC_WARN_UNUSED_VARIABLE = YES;
				IPHONEOS_DEPLOYMENT_TARGET = 13.2;
				MTL_ENABLE_DEBUG_INFO = NO;
				MTL_FAST_MATH = YES;
				SDKROOT = iphoneos;
				SWIFT_COMPILATION_MODE = wholemodule;
				SWIFT_OPTIMIZATION_LEVEL = "-O";
				VALIDATE_PRODUCT = YES;
			};
			name = Release;
		};
		4923499524BFFF470089C91F /* Debug */ = {
			isa = XCBuildConfiguration;
			buildSettings = {
				ASSETCATALOG_COMPILER_APPICON_NAME = AppIcon;
				CODE_SIGN_STYLE = Automatic;
				INFOPLIST_FILE = Ass3_Elias_Aguilera/Info.plist;
				LD_RUNPATH_SEARCH_PATHS = (
					"$(inherited)",
					"@executable_path/Frameworks",
				);
				PRODUCT_BUNDLE_IDENTIFIER = "elias.Ass3-Elias-Aguilera";
				PRODUCT_NAME = "$(TARGET_NAME)";
				SWIFT_VERSION = 5.0;
				TARGETED_DEVICE_FAMILY = "1,2";
			};
			name = Debug;
		};
		4923499624BFFF470089C91F /* Release */ = {
			isa = XCBuildConfiguration;
			buildSettings = {
				ASSETCATALOG_COMPILER_APPICON_NAME = AppIcon;
				CODE_SIGN_STYLE = Automatic;
				INFOPLIST_FILE = Ass3_Elias_Aguilera/Info.plist;
				LD_RUNPATH_SEARCH_PATHS = (
					"$(inherited)",
					"@executable_path/Frameworks",
				);
				PRODUCT_BUNDLE_IDENTIFIER = "elias.Ass3-Elias-Aguilera";
				PRODUCT_NAME = "$(TARGET_NAME)";
				SWIFT_VERSION = 5.0;
				TARGETED_DEVICE_FAMILY = "1,2";
			};
			name = Release;
		};
/* End XCBuildConfiguration section */

/* Begin XCConfigurationList section */
		4923497B24BFFF460089C91F /* Build configuration list for PBXProject "Ass3_Elias_Aguilera" */ = {
			isa = XCConfigurationList;
			buildConfigurations = (
				4923499224BFFF470089C91F /* Debug */,
				4923499324BFFF470089C91F /* Release */,
			);
			defaultConfigurationIsVisible = 0;
			defaultConfigurationName = Release;
		};
		4923499424BFFF470089C91F /* Build configuration list for PBXNativeTarget "Ass3_Elias_Aguilera" */ = {
			isa = XCConfigurationList;
			buildConfigurations = (
				4923499524BFFF470089C91F /* Debug */,
				4923499624BFFF470089C91F /* Release */,
			);
			defaultConfigurationIsVisible = 0;
			defaultConfigurationName = Release;
		};
/* End XCConfigurationList section */
	};
	rootObject = 4923497824BFFF460089C91F /* Project object */;
}
